# Windows domain-takeover package lock
# Target: CPython 3.13.7, Windows x64 (cp313-win_amd64)
# Every dependency is installed from package-local wheelhouse with
# --no-index --require-hashes.  Do not add sdists to the VM package.

cffi==2.1.1 --hash=sha256:1aa5645c30469b09530c4ebca77ebf8f17618293c58f8549cb1a543a50236e7d
cryptography==50.0.0 --hash=sha256:bd1c592e4d5974f0d08d4888e432157adba757c66da0246918e43677fafa2d30
dnslib==0.9.26 --hash=sha256:e68719e633d761747c7e91bd241019ef5a2b61a63f56025939e144c841a70e0d
dpkt==1.9.8 --hash=sha256:4da4d111d7bf67575b571f5c678c71bddd2d8a01a3d57d489faf0a92c748fbfd
jinja2==3.1.6 --hash=sha256:85ece4451f492d0c13c5dd7c13a64681a86afae63a5f347908daf103ce6d2f67
markupsafe==3.0.3 --hash=sha256:9a1abfdc021a164803f4d485104931fb8f8c1efd55bc6b748d2f5774e78b62c5
netifaces-plus==0.12.5 --hash=sha256:ee3287ddbf73221cd4310a7a087f22e4c8c134c4d22bec9d4a65aa75f970eb8f
pyasynchat==1.0.5 --hash=sha256:35b7859515693e479e8d95ebe9f32cbf4d6312ab7599ced39fc24699e51de46f
pyasyncore==1.0.5 --hash=sha256:269bbc5252671827387636822841a1fb721ec6e858b23a3e12cf92eb1f97da2a
pycparser==3.0 --hash=sha256:b727414169a36b7d524c1c3e31839a521725078d7b2ff038656844266160a992
pydivert==2.1.0 --hash=sha256:382db488e3c37c03ec9ec94e061a0b24334d78dbaeebb7d4e4d32ce4355d9da1
pyftpdlib==2.2.0 --hash=sha256:1b6cc483ea645a7b813a734a53e734d3f9594f41f5431bb0d8c941c0ec6dddf8
pyopenssl==26.4.0 --hash=sha256:f0eb0cb2d581d3ad2b9c489468485e7f2ab6727d08401bcf9d824c3caddf3c1c
typing-extensions==4.16.0 --hash=sha256:481caa481374e813c1b176ada14e97f1f67a4539ce9cfeb3f350d78d6370c2e8
